
Microsoft Visual Studio Solution File, Format Version 12.00
# Visual Studio Version 17
Project("{8BC9CEB8-8B4A-11D0-8D11-00A0C91BC942}") = "ALL_BUILD", "ALL_BUILD.vcxproj", "{BD164844-D68F-3AD9-9FDF-6B34CC26A178}"
	ProjectSection(ProjectDependencies) = postProject
		{2406BE08-2BDC-39C5-9411-AF67650329BB} = {2406BE08-2BDC-39C5-9411-AF67650329BB}
		{AD289086-A86C-3534-9D91-CC794207E29E} = {AD289086-A86C-3534-9D91-CC794207E29E}
	EndProjectSection
EndProject
Project("{8BC9CEB8-8B4A-11D0-8D11-00A0C91BC942}") = "ZERO_CHECK", "ZERO_CHECK.vcxproj", "{2406BE08-2BDC-39C5-9411-AF67650329BB}"
	ProjectSection(ProjectDependencies) = postProject
	EndProjectSection
EndProject
Project("{8BC9CEB8-8B4A-11D0-8D11-00A0C91BC942}") = "arduino-build", "arduino-build.vcxproj", "{AD289086-A86C-3534-9D91-CC794207E29E}"
	ProjectSection(ProjectDependencies) = postProject
		{2406BE08-2BDC-39C5-9411-AF67650329BB} = {2406BE08-2BDC-39C5-9411-AF67650329BB}
	EndProjectSection
EndProject
Project("{8BC9CEB8-8B4A-11D0-8D11-00A0C91BC942}") = "arduino-upload", "arduino-upload.vcxproj", "{062508BA-053E-39A1-86BF-839B6092592F}"
	ProjectSection(ProjectDependencies) = postProject
		{2406BE08-2BDC-39C5-9411-AF67650329BB} = {2406BE08-2BDC-39C5-9411-AF67650329BB}
		{AD289086-A86C-3534-9D91-CC794207E29E} = {AD289086-A86C-3534-9D91-CC794207E29E}
	EndProjectSection
EndProject
Global
	GlobalSection(SolutionConfigurationPlatforms) = preSolution
		Debug|x64 = Debug|x64
		Release|x64 = Release|x64
		MinSizeRel|x64 = MinSizeRel|x64
		RelWithDebInfo|x64 = RelWithDebInfo|x64
	EndGlobalSection
	GlobalSection(ProjectConfigurationPlatforms) = postSolution
		{BD164844-D68F-3AD9-9FDF-6B34CC26A178}.Debug|x64.ActiveCfg = Debug|x64
		{BD164844-D68F-3AD9-9FDF-6B34CC26A178}.Release|x64.ActiveCfg = Release|x64
		{BD164844-D68F-3AD9-9FDF-6B34CC26A178}.MinSizeRel|x64.ActiveCfg = MinSizeRel|x64
		{BD164844-D68F-3AD9-9FDF-6B34CC26A178}.RelWithDebInfo|x64.ActiveCfg = RelWithDebInfo|x64
		{2406BE08-2BDC-39C5-9411-AF67650329BB}.Debug|x64.ActiveCfg = Debug|x64
		{2406BE08-2BDC-39C5-9411-AF67650329BB}.Debug|x64.Build.0 = Debug|x64
		{2406BE08-2BDC-39C5-9411-AF67650329BB}.Release|x64.ActiveCfg = Release|x64
		{2406BE08-2BDC-39C5-9411-AF67650329BB}.Release|x64.Build.0 = Release|x64
		{2406BE08-2BDC-39C5-9411-AF67650329BB}.MinSizeRel|x64.ActiveCfg = MinSizeRel|x64
		{2406BE08-2BDC-39C5-9411-AF67650329BB}.MinSizeRel|x64.Build.0 = MinSizeRel|x64
		{2406BE08-2BDC-39C5-9411-AF67650329BB}.RelWithDebInfo|x64.ActiveCfg = RelWithDebInfo|x64
		{2406BE08-2BDC-39C5-9411-AF67650329BB}.RelWithDebInfo|x64.Build.0 = RelWithDebInfo|x64
		{AD289086-A86C-3534-9D91-CC794207E29E}.Debug|x64.ActiveCfg = Debug|x64
		{AD289086-A86C-3534-9D91-CC794207E29E}.Debug|x64.Build.0 = Debug|x64
		{AD289086-A86C-3534-9D91-CC794207E29E}.Release|x64.ActiveCfg = Release|x64
		{AD289086-A86C-3534-9D91-CC794207E29E}.Release|x64.Build.0 = Release|x64
		{AD289086-A86C-3534-9D91-CC794207E29E}.MinSizeRel|x64.ActiveCfg = MinSizeRel|x64
		{AD289086-A86C-3534-9D91-CC794207E29E}.MinSizeRel|x64.Build.0 = MinSizeRel|x64
		{AD289086-A86C-3534-9D91-CC794207E29E}.RelWithDebInfo|x64.ActiveCfg = RelWithDebInfo|x64
		{AD289086-A86C-3534-9D91-CC794207E29E}.RelWithDebInfo|x64.Build.0 = RelWithDebInfo|x64
		{062508BA-053E-39A1-86BF-839B6092592F}.Debug|x64.ActiveCfg = Debug|x64
		{062508BA-053E-39A1-86BF-839B6092592F}.Release|x64.ActiveCfg = Release|x64
		{062508BA-053E-39A1-86BF-839B6092592F}.MinSizeRel|x64.ActiveCfg = MinSizeRel|x64
		{062508BA-053E-39A1-86BF-839B6092592F}.RelWithDebInfo|x64.ActiveCfg = RelWithDebInfo|x64
	EndGlobalSection
	GlobalSection(ExtensibilityGlobals) = postSolution
		SolutionGuid = {A67D849D-958E-30DF-B5B9-89154634253D}
	EndGlobalSection
	GlobalSection(ExtensibilityAddIns) = postSolution
	EndGlobalSection
EndGlobal
